# This file is automatically @generated by Cargo.
# It is not intended for manual editing.
version = 3

[[package]]
name = "apache_config"
version = "0.1.0"
dependencies = [
 "lazy_static",
 "minijinja",
]

[[package]]
name = "lazy_static"
version = "1.4.0"
source = "registry+https://github.com/rust-lang/crates.io-index"
checksum = "e2abad23fbc42b3700f2f279844dc832adb2b2eb069b2df918f455c4e18cc646"

[[package]]
name = "minijinja"
version = "0.8.2"
source = "registry+https://github.com/rust-lang/crates.io-index"
checksum = "1c8de52c925a3f40bd30cb2041440eb3d11658b9a2b8564c1d66fba41c890dc6"
dependencies = [
 "self_cell",
 "serde",
]

[[package]]
name = "rustversion"
version = "1.0.5"
source = "registry+https://github.com/rust-lang/crates.io-index"
checksum = "61b3909d758bb75c79f23d4736fac9433868679d3ad2ea7a61e3c25cfda9a088"

[[package]]
name = "self_cell"
version = "0.10.1"
source = "registry+https://github.com/rust-lang/crates.io-index"
checksum = "7ac753e6625df1711012c6469644ddd9b6338be1e4abf235c3a8817191411ae1"
dependencies = [
 "rustversion",
]

[[package]]
name = "serde"
version = "1.0.130"
source = "registry+https://github.com/rust-lang/crates.io-index"
checksum = "f12d06de37cf59146fbdecab66aa99f9fe4f78722e3607577a5375d66bd0c913"
